// !$*UTF8*$!
{
	archiveVersion = 1;
	classes = {
	};
	objectVersion = 48;
	objects = {

/* Begin PBXBuildFile section */
		736879DB1FDBCF1500D9CF43 /* AppDelegate.swift in Sources */ = {isa = PBXBuildFile; fileRef = 736879DA1FDBCF1500D9CF43 /* AppDelegate.swift */; };
		736879DD1FDBCF1500D9CF43 /* ViewController.swift in Sources */ = {isa = PBXBuildFile; fileRef = 736879DC1FDBCF1500D9CF43 /* ViewController.swift */; };
		736879E01FDBCF1500D9CF43 /* Main.storyboard in Resources */ = {isa = PBXBuildFile; fileRef = 736879DE1FDBCF1500D9CF43 /* Main.storyboard */; };
		736879E21FDBCF1500D9CF43 /* Assets.xcassets in Resources */ = {isa = PBXBuildFile; fileRef = 736879E11FDBCF1500D9CF43 /* Assets.xcassets */; };
		736879E51FDBCF1500D9CF43 /* LaunchScreen.storyboard in Resources */ = {isa = PBXBuildFile; fileRef = 736879E31FDBCF1500D9CF43 /* LaunchScreen.storyboard */; };
/* End PBXBuildFile section */

/* Begin PBXFileReference section */
		736879D71FDBCF1500D9CF43 /* Face Detection.app */ = {isa = PBXFileReference; explicitFileType = wrapper.application; includeInIndex = 0; path = "Face Detection.app"; sourceTree = BUILT_PRODUCTS_DIR; };
		736879DA1FDBCF1500D9CF43 /* AppDelegate.swift */ = {isa = PBXFileReference; lastKnownFileType = sourcecode.swift; path = AppDelegate.swift; sourceTree = "<group>"; };
		736879DC1FDBCF1500D9CF43 /* ViewController.swift */ = {isa = PBXFileReference; lastKnownFileType = sourcecode.swift; path = ViewController.swift; sourceTree = "<group>"; };
		736879DF1FDBCF1500D9CF43 /* Base */ = {isa = PBXFileReference; lastKnownFileType = file.storyboard; name = Base; path = Base.lproj/Main.storyboard; sourceTree = "<group>"; };
		736879E11FDBCF1500D9CF43 /* Assets.xcassets */ = {isa = PBXFileReference; lastKnownFileType = folder.assetcatalog; path = Assets.xcassets; sourceTree = "<group>"; };
		736879E41FDBCF1500D9CF43 /* Base */ = {isa = PBXFileReference; lastKnownFileType = file.storyboard; name = Base; path = Base.lproj/LaunchScreen.storyboard; sourceTree = "<group>"; };
		736879E61FDBCF1500D9CF43 /* Info.plist */ = {isa = PBXFileReference; lastKnownFileType = text.plist.xml; path = Info.plist; sourceTree = "<group>"; };
/* End PBXFileReference section */

/* Begin PBXFrameworksBuildPhase section */
		736879D41FDBCF1500D9CF43 /* Frameworks */ = {
			isa = PBXFrameworksBuildPhase;
			buildActionMask = 2147483647;
			files = (
			);
			runOnlyForDeploymentPostprocessing = 0;
		};
/* End PBXFrameworksBuildPhase section */

/* Begin PBXGroup section */
		736879CE1FDBCF1500D9CF43 = {
			isa = PBXGroup;
			children = (
				736879D91FDBCF1500D9CF43 /* Face Detection */,
				736879D81FDBCF1500D9CF43 /* Products */,
			);
			sourceTree = "<group>";
		};
		736879D81FDBCF1500D9CF43 /* Products */ = {
			isa = PBXGroup;
			children = (
				736879D71FDBCF1500D9CF43 /* Face Detection.app */,
			);
			name = Products;
			sourceTree = "<group>";
		};
		736879D91FDBCF1500D9CF43 /* Face Detection */ = {
			isa = PBXGroup;
			children = (
				736879DA1FDBCF1500D9CF43 /* AppDelegate.swift */,
				736879DC1FDBCF1500D9CF43 /* ViewController.swift */,
				736879DE1FDBCF1500D9CF43 /* Main.storyboard */,
				736879E11FDBCF1500D9CF43 /* Assets.xcassets */,
				736879E31FDBCF1500D9CF43 /* LaunchScreen.storyboard */,
				736879E61FDBCF1500D9CF43 /* Info.plist */,
			);
			path = "Face Detection";
			sourceTree = "<group>";
		};
/* End PBXGroup section */

/* Begin PBXNativeTarget section */
		736879D61FDBCF1500D9CF43 /* Face Detection */ = {
			isa = PBXNativeTarget;
			buildConfigurationList = 736879E91FDBCF1500D9CF43 /* Build configuration list for PBXNativeTarget "Face Detection" */;
			buildPhases = (
				736879D31FDBCF1500D9CF43 /* Sources */,
				736879D41FDBCF1500D9CF43 /* Frameworks */,
				736879D51FDBCF1500D9CF43 /* Resources */,
			);
			buildRules = (
			);
			dependencies = (
			);
			name = "Face Detection";
			productName = "Face Detection";
			productReference = 736879D71FDBCF1500D9CF43 /* Face Detection.app */;
			productType = "com.apple.product-type.application";
		};
/* End PBXNativeTarget section */

/* Begin PBXProject section */
		736879CF1FDBCF1500D9CF43 /* Project object */ = {
			isa = PBXProject;
			attributes = {
				LastSwiftUpdateCheck = 0920;
				LastUpgradeCheck = 0920;
				ORGANIZATIONNAME = "Rudra Jikadra";
				TargetAttributes = {
					736879D61FDBCF1500D9CF43 = {
						CreatedOnToolsVersion = 9.2;
						ProvisioningStyle = Automatic;
					};
				};
			};
			buildConfigurationList = 736879D21FDBCF1500D9CF43 /* Build configuration list for PBXProject "Face Detection" */;
			compatibilityVersion = "Xcode 8.0";
			developmentRegion = en;
			hasScannedForEncodings = 0;
			knownRegions = (
				en,
				Base,
			);
			mainGroup = 736879CE1FDBCF1500D9CF43;
			productRefGroup = 736879D81FDBCF1500D9CF43 /* Products */;
			projectDirPath = "";
			projectRoot = "";
			targets = (
				736879D61FDBCF1500D9CF43 /* Face Detection */,
			);
		};
/* End PBXProject section */

/* Begin PBXResourcesBuildPhase section */
		736879D51FDBCF1500D9CF43 /* Resources */ = {
			isa = PBXResourcesBuildPhase;
			buildActionMask = 2147483647;
			files = (
				736879E51FDBCF1500D9CF43 /* LaunchScreen.storyboard in Resources */,
				736879E21FDBCF1500D9CF43 /* Assets.xcassets in Resources */,
				736879E01FDBCF1500D9CF43 /* Main.storyboard in Resources */,
			);
			runOnlyForDeploymentPostprocessing = 0;
		};
/* End PBXResourcesBuildPhase section */

/* Begin PBXSourcesBuildPhase section */
		736879D31FDBCF1500D9CF43 /* Sources */ = {
			isa = PBXSourcesBuildPhase;
			buildActionMask = 2147483647;
			files = (
				736879DD1FDBCF1500D9CF43 /* ViewController.swift in Sources */,
				736879DB1FDBCF1500D9CF43 /* AppDelegate.swift in Sources */,
			);
			runOnlyForDeploymentPostprocessing = 0;
		};
/* End PBXSourcesBuildPhase section */

/* Begin PBXVariantGroup section */
		736879DE1FDBCF1500D9CF43 /* Main.storyboard */ = {
			isa = PBXVariantGroup;
			children = (
				736879DF1FDBCF1500D9CF43 /* Base */,
			);
			name = Main.storyboard;
			sourceTree = "<group>";
		};
		736879E31FDBCF1500D9CF43 /* LaunchScreen.storyboard */ = {
			isa = PBXVariantGroup;
			children = (
				736879E41FDBCF1500D9CF43 /* Base */,
			);
			name = LaunchScreen.storyboard;
			sourceTree = "<group>";
		};
/* End PBXVariantGroup section */

/* Begin XCBuildConfiguration section */
		736879E71FDBCF1500D9CF43 /* Debug */ = {
			isa = XCBuildConfiguration;
			buildSettings = {
				ALWAYS_SEARCH_USER_PATHS = NO;
				CLANG_ANALYZER_NONNULL = YES;
				CLANG_ANALYZER_NUMBER_OBJECT_CONVERSION = YES_AGGRESSIVE;
				CLANG_CXX_LANGUAGE_STANDARD = "gnu++14";
				CLANG_CXX_LIBRARY = "libc++";
				CLANG_ENABLE_MODULES = YES;
				CLANG_ENABLE_OBJC_ARC = YES;
				CLANG_WARN_BLOCK_CAPTURE_AUTORELEASING = YES;
				CLANG_WARN_BOOL_CONVERSION = YES;
				CLANG_WARN_COMMA = YES;
				CLANG_WARN_CONSTANT_CONVERSION = YES;
				CLANG_WARN_DIRECT_OBJC_ISA_USAGE = YES_ERROR;
				CLANG_WARN_DOCUMENTATION_COMMENTS = YES;
				CLANG_WARN_EMPTY_BODY = YES;
				CLANG_WARN_ENUM_CONVERSION = YES;
				CLANG_WARN_INFINITE_RECURSION = YES;
				CLANG_WARN_INT_CONVERSION = YES;
				CLANG_WARN_NON_LITERAL_NULL_CONVERSION = YES;
				CLANG_WARN_OBJC_LITERAL_CONVERSION = YES;
				CLANG_WARN_OBJC_ROOT_CLASS = YES_ERROR;
				CLANG_WARN_RANGE_LOOP_ANALYSIS = YES;
				CLANG_WARN_STRICT_PROTOTYPES = YES;
				CLANG_WARN_SUSPICIOUS_MOVE = YES;
				CLANG_WARN_UNGUARDED_AVAILABILITY = YES_AGGRESSIVE;
				CLANG_WARN_UNREACHABLE_CODE = YES;
				CLANG_WARN__DUPLICATE_METHOD_MATCH = YES;
				CODE_SIGN_IDENTITY = "iPhone Developer";
				COPY_PHASE_STRIP = NO;
				DEBUG_INFORMATION_FORMAT = dwarf;
				ENABLE_STRICT_OBJC_MSGSEND = YES;
				ENABLE_TESTABILITY = YES;
				GCC_C_LANGUAGE_STANDARD = gnu11;
				GCC_DYNAMIC_NO_PIC = NO;
				GCC_NO_COMMON_BLOCKS = YES;
				GCC_OPTIMIZATION_LEVEL = 0;
				GCC_PREPROCESSOR_DEFINITIONS = (
					"DEBUG=1",
					"$(inherited)",
				);
				GCC_WARN_64_TO_32_BIT_CONVERSION = YES;
				GCC_WARN_ABOUT_RETURN_TYPE = YES_ERROR;
				GCC_WARN_UNDECLARED_SELECTOR = YES;
				GCC_WARN_UNINITIALIZED_AUTOS = YES_AGGRESSIVE;
				GCC_WARN_UNUSED_FUNCTION = YES;
				GCC_WARN_UNUSED_VARIABLE = YES;
				IPHONEOS_DEPLOYMENT_TARGET = 11.2;
				MTL_ENABLE_DEBUG_INFO = YES;
				ONLY_ACTIVE_ARCH = YES;
				SDKROOT = iphoneos;
				SWIFT_ACTIVE_COMPILATION_CONDITIONS = DEBUG;
				SWIFT_OPTIMIZATION_LEVEL = "-Onone";
			};
			name = Debug;
		};
		736879E81FDBCF1500D9CF43 /* Release */ = {
			isa = XCBuildConfiguration;
			buildSettings = {
				ALWAYS_SEARCH_USER_PATHS = NO;
				CLANG_ANALYZER_NONNULL = YES;
				CLANG_ANALYZER_NUMBER_OBJECT_CONVERSION = YES_AGGRESSIVE;
				CLANG_CXX_LANGUAGE_STANDARD = "gnu++14";
				CLANG_CXX_LIBRARY = "libc++";
				CLANG_ENABLE_MODULES = YES;
				CLANG_ENABLE_OBJC_ARC = YES;
				CLANG_WARN_BLOCK_CAPTURE_AUTORELEASING = YES;
				CLANG_WARN_BOOL_CONVERSION = YES;
				CLANG_WARN_COMMA = YES;
				CLANG_WARN_CONSTANT_CONVERSION = YES;
				CLANG_WARN_DIRECT_OBJC_ISA_USAGE = YES_ERROR;
				CLANG_WARN_DOCUMENTATION_COMMENTS = YES;
				CLANG_WARN_EMPTY_BODY = YES;
				CLANG_WARN_ENUM_CONVERSION = YES;
				CLANG_WARN_INFINITE_RECURSION = YES;
				CLANG_WARN_INT_CONVERSION = YES;
				CLANG_WARN_NON_LITERAL_NULL_CONVERSION = YES;
				CLANG_WARN_OBJC_LITERAL_CONVERSION = YES;
				CLANG_WARN_OBJC_ROOT_CLASS = YES_ERROR;
				CLANG_WARN_RANGE_LOOP_ANALYSIS = YES;
				CLANG_WARN_STRICT_PROTOTYPES = YES;
				CLANG_WARN_SUSPICIOUS_MOVE = YES;
				CLANG_WARN_UNGUARDED_AVAILABILITY = YES_AGGRESSIVE;
				CLANG_WARN_UNREACHABLE_CODE = YES;
				CLANG_WARN__DUPLICATE_METHOD_MATCH = YES;
				CODE_SIGN_IDENTITY = "iPhone Developer";
				COPY_PHASE_STRIP = NO;
				DEBUG_INFORMATION_FORMAT = "dwarf-with-dsym";
				ENABLE_NS_ASSERTIONS = NO;
				ENABLE_STRICT_OBJC_MSGSEND = YES;
				GCC_C_LANGUAGE_STANDARD = gnu11;
				GCC_NO_COMMON_BLOCKS = YES;
				GCC_WARN_64_TO_32_BIT_CONVERSION = YES;
				GCC_WARN_ABOUT_RETURN_TYPE = YES_ERROR;
				GCC_WARN_UNDECLARED_SELECTOR = YES;
				GCC_WARN_UNINITIALIZED_AUTOS = YES_AGGRESSIVE;
				GCC_WARN_UNUSED_FUNCTION = YES;
				GCC_WARN_UNUSED_VARIABLE = YES;
				IPHONEOS_DEPLOYMENT_TARGET = 11.2;
				MTL_ENABLE_DEBUG_INFO = NO;
				SDKROOT = iphoneos;
				SWIFT_OPTIMIZATION_LEVEL = "-Owholemodule";
				VALIDATE_PRODUCT = YES;
			};
			name = Release;
		};
		736879EA1FDBCF1500D9CF43 /* Debug */ = {
			isa = XCBuildConfiguration;
			buildSettings = {
				ASSETCATALOG_COMPILER_APPICON_NAME = AppIcon;
				CODE_SIGN_STYLE = Automatic;
				DEVELOPMENT_TEAM = 7L65JSHTUM;
				INFOPLIST_FILE = "Face Detection/Info.plist";
				LD_RUNPATH_SEARCH_PATHS = "$(inherited) @executable_path/Frameworks";
				PRODUCT_BUNDLE_IDENTIFIER = "com.RedRudy.Face-Detection";
				PRODUCT_NAME = "$(TARGET_NAME)";
				SWIFT_VERSION = 4.0;
				TARGETED_DEVICE_FAMILY = "1,2";
			};
			name = Debug;
		};
		736879EB1FDBCF1500D9CF43 /* Release */ = {
			isa = XCBuildConfiguration;
			buildSettings = {
				ASSETCATALOG_COMPILER_APPICON_NAME = AppIcon;
				CODE_SIGN_STYLE = Automatic;
				DEVELOPMENT_TEAM = 7L65JSHTUM;
				INFOPLIST_FILE = "Face Detection/Info.plist";
				LD_RUNPATH_SEARCH_PATHS = "$(inherited) @executable_path/Frameworks";
				PRODUCT_BUNDLE_IDENTIFIER = "com.RedRudy.Face-Detection";
				PRODUCT_NAME = "$(TARGET_NAME)";
				SWIFT_VERSION = 4.0;
				TARGETED_DEVICE_FAMILY = "1,2";
			};
			name = Release;
		};
/* End XCBuildConfiguration section */

/* Begin XCConfigurationList section */
		736879D21FDBCF1500D9CF43 /* Build configuration list for PBXProject "Face Detection" */ = {
			isa = XCConfigurationList;
			buildConfigurations = (
				736879E71FDBCF1500D9CF43 /* Debug */,
				736879E81FDBCF1500D9CF43 /* Release */,
			);
			defaultConfigurationIsVisible = 0;
			defaultConfigurationName = Release;
		};
		736879E91FDBCF1500D9CF43 /* Build configuration list for PBXNativeTarget "Face Detection" */ = {
			isa = XCConfigurationList;
			buildConfigurations = (
				736879EA1FDBCF1500D9CF43 /* Debug */,
				736879EB1FDBCF1500D9CF43 /* Release */,
			);
			defaultConfigurationIsVisible = 0;
			defaultConfigurationName = Release;
		};
/* End XCConfigurationList section */
	};
	rootObject = 736879CF1FDBCF1500D9CF43 /* Project object */;
}
